{
  "lockfile_version": "1",
  "packages": {
    "blueprint-compiler@latest": {
      "last_modified": "2024-01-27T14:55:31Z",
      "resolved": "github:NixOS/nixpkgs/160b762eda6d139ac10ae081f8f78d640dd523eb#blueprint-compiler",
      "source": "devbox-search",
      "version": "0.10.0",
      "systems": {
        "aarch64-darwin": {
          "store_path": "/nix/store/ikc2qzic8q5m1a3hkxpc97a670cg5d29-blueprint-compiler-0.10.0"
        },
        "aarch64-linux": {
          "store_path": "/nix/store/nbsjbpc3vsz8y2v2h51jviiw7982skjq-blueprint-compiler-0.10.0"
        },
        "x86_64-darwin": {
          "store_path": "/nix/store/rfmandfbvl3p8c7kp7s5k14vsl31285f-blueprint-compiler-0.10.0"
        },
        "x86_64-linux": {
          "store_path": "/nix/store/rcxp380a95347mdmnff4n673jhrs21qz-blueprint-compiler-0.10.0"
        }
      }
    },
    "cmake@latest": {
      "last_modified": "2024-01-27T14:55:31Z",
      "resolved": "github:NixOS/nixpkgs/160b762eda6d139ac10ae081f8f78d640dd523eb#cmake",
      "source": "devbox-search",
      "version": "3.27.8",
      "systems": {
        "aarch64-darwin": {
          "store_path": "/nix/store/6y1ckjmmmnmz1k2qrahy5hvmlq8bn3lp-cmake-3.27.8"
        },
        "aarch64-linux": {
          "store_path": "/nix/store/m16f4yj9i3fgq5dkx7amcf2v9wp80kc7-cmake-3.27.8"
        },
        "x86_64-darwin": {
          "store_path": "/nix/store/rzgfrfrksq3szf29kdly4qzj1gjsgb30-cmake-3.27.8"
        },
        "x86_64-linux": {
          "store_path": "/nix/store/jacf2kn4dfj99c3ywbvfyg6w53xvxsfl-cmake-3.27.8"
        }
      }
    },
    "glib@latest": {
      "last_modified": "2024-02-06T07:51:56Z",
      "resolved": "github:NixOS/nixpkgs/8cc79aa39bbc6eaedaf286ae655b224c71e02907#glib",
      "source": "devbox-search",
      "version": "2.78.3",
      "systems": {
        "aarch64-darwin": {
          "store_path": "/nix/store/kbd79s5blbhgd0an56yz8b3qprajv1m9-glib-2.78.3-bin"
        },
        "aarch64-linux": {
          "store_path": "/nix/store/9ly30ffgpyj7aim1jm8y259sg9sv9n6i-glib-2.78.3-bin"
        },
        "x86_64-darwin": {
          "store_path": "/nix/store/q6ypnwagb5kxww6qx2n5c94431fxz6qr-glib-2.78.3-bin"
        },
        "x86_64-linux": {
          "store_path": "/nix/store/1qjvqh6yl4cdrw48xwj5yb16v22ps39d-glib-2.78.3-bin"
        }
      }
    },
    "meson@latest": {
      "last_modified": "2024-01-27T14:55:31Z",
      "resolved": "github:NixOS/nixpkgs/160b762eda6d139ac10ae081f8f78d640dd523eb#meson",
      "source": "devbox-search",
      "version": "1.3.1",
      "systems": {
        "aarch64-darwin": {
          "store_path": "/nix/store/h3nf454ibhwyfdik6hr9dpnnw03x0wnx-meson-1.3.1"
        },
        "aarch64-linux": {
          "store_path": "/nix/store/3yg8sx0skpm38xp8ns4gsimgxshvvjzp-meson-1.3.1"
        },
        "x86_64-darwin": {
          "store_path": "/nix/store/hv7s3kjpysv5g6gpmfwsx3v9m9jwgx8l-meson-1.3.1"
        },
        "x86_64-linux": {
          "store_path": "/nix/store/nll6n3dq1s1ldm36xbqi9idhw2crhxhb-meson-1.3.1"
        }
      }
    },
    "ninja@latest": {
      "last_modified": "2024-01-27T14:55:31Z",
      "resolved": "github:NixOS/nixpkgs/160b762eda6d139ac10ae081f8f78d640dd523eb#ninja",
      "source": "devbox-search",
      "version": "1.11.1",
      "systems": {
        "aarch64-darwin": {
          "store_path": "/nix/store/0djld6fghik70n1kadbk0w1z01ra55df-ninja-1.11.1"
        },
        "aarch64-linux": {
          "store_path": "/nix/store/0gckxsizih5fcxxwzfkanf8i6lh2l9ih-ninja-1.11.1"
        },
        "x86_64-darwin": {
          "store_path": "/nix/store/j65p3r3mz2c9sf59y3w99i9mz8drxml9-ninja-1.11.1"
        },
        "x86_64-linux": {
          "store_path": "/nix/store/5lbxsj5mnz95rq5hkq7ixxb1cg96k07g-ninja-1.11.1"
        }
      }
    },
    "pre-commit@latest": {
      "last_modified": "2024-01-28T16:40:23Z",
      "resolved": "github:NixOS/nixpkgs/902d74314fae5eb824bc7b597bd4d39640345557#pre-commit",
      "source": "devbox-search",
      "version": "3.6.0",
      "systems": {
        "aarch64-darwin": {
          "store_path": "/nix/store/a20aq6qhs0zz7dj9131diyn8sc5bb9qd-pre-commit-3.6.0"
        },
        "aarch64-linux": {
          "store_path": "/nix/store/rvhjwfaky3vkclxk31ns0lhcynnjikyh-pre-commit-3.6.0"
        },
        "x86_64-darwin": {
          "store_path": "/nix/store/05hqvj5z9jscc9lx2l8ma0yf258a6kls-pre-commit-3.6.0"
        },
        "x86_64-linux": {
          "store_path": "/nix/store/wzybq4394zfr3m5p0khs02i66x33cc8i-pre-commit-3.6.0"
        }
      }
    }
  }
}
